github.com/google/uuid v1.6.0 h1:NIvaJDMOsjHA8n1jAhLSgzrAzy1Hgr+hNrb57e+94F0=
github.com/google/uuid v1.6.0/go.mod h1:TIyPZe4MgqvfeYDBFedMoGGpEw/LqOeaOT+nhxU+yHo=
github.com/maniartech/signals v1.3.1 h1:pT3dK6x5Un+B6L3ZLAKygEe+L49TClPreyT08vOoHXY=
github.com/maniartech/signals v1.3.1/go.mod h1:AbE8Yy9ZjKCWNU/VhQ+0Ea9KOaTWHp6aOfdLBe5m1iM=
